
Microsoft Visual Studio Solution File, Format Version 12.00
# Visual Studio Version 17
VisualStudioVersion = 17.0.31903.59
MinimumVisualStudioVersion = 10.0.40219.1
Project("{FAE04EC0-301F-11D3-BF4B-00C04F79EFBC}") = "BattleShip.API", "..\BattleShip.API\BattleShip.API.csproj", "{9F308BCB-F050-4B92-89A7-6BF2CDD30FDF}"
EndProject
Project("{FAE04EC0-301F-11D3-BF4B-00C04F79EFBC}") = "BattleShip.App", "..\BattleShip.App\BattleShip.App.csproj", "{79618EF0-36FB-4186-A9B6-3F0143381BE4}"
EndProject
Project("{FAE04EC0-301F-11D3-BF4B-00C04F79EFBC}") = "BattleShip.Models", "..\BattleShip.Models\BattleShip.Models.csproj", "{B9E30465-4F93-407F-859F-EC7229627033}"
EndProject
Global
	GlobalSection(SolutionConfigurationPlatforms) = preSolution
		Debug|Any CPU = Debug|Any CPU
		Release|Any CPU = Release|Any CPU
	EndGlobalSection
	GlobalSection(SolutionProperties) = preSolution
		HideSolutionNode = FALSE
	EndGlobalSection
	GlobalSection(ProjectConfigurationPlatforms) = postSolution
		{9F308BCB-F050-4B92-89A7-6BF2CDD30FDF}.Debug|Any CPU.ActiveCfg = Debug|Any CPU
		{9F308BCB-F050-4B92-89A7-6BF2CDD30FDF}.Debug|Any CPU.Build.0 = Debug|Any CPU
		{9F308BCB-F050-4B92-89A7-6BF2CDD30FDF}.Release|Any CPU.ActiveCfg = Release|Any CPU
		{9F308BCB-F050-4B92-89A7-6BF2CDD30FDF}.Release|Any CPU.Build.0 = Release|Any CPU
		{79618EF0-36FB-4186-A9B6-3F0143381BE4}.Debug|Any CPU.ActiveCfg = Debug|Any CPU
		{79618EF0-36FB-4186-A9B6-3F0143381BE4}.Debug|Any CPU.Build.0 = Debug|Any CPU
		{79618EF0-36FB-4186-A9B6-3F0143381BE4}.Release|Any CPU.ActiveCfg = Release|Any CPU
		{79618EF0-36FB-4186-A9B6-3F0143381BE4}.Release|Any CPU.Build.0 = Release|Any CPU
		{B9E30465-4F93-407F-859F-EC7229627033}.Debug|Any CPU.ActiveCfg = Debug|Any CPU
		{B9E30465-4F93-407F-859F-EC7229627033}.Debug|Any CPU.Build.0 = Debug|Any CPU
		{B9E30465-4F93-407F-859F-EC7229627033}.Release|Any CPU.ActiveCfg = Release|Any CPU
		{B9E30465-4F93-407F-859F-EC7229627033}.Release|Any CPU.Build.0 = Release|Any CPU
	EndGlobalSection
EndGlobal
